
Microsoft Visual Studio Solution File, Format Version 12.00
# Visual Studio Version 17
VisualStudioVersion = 17.0.31903.59
MinimumVisualStudioVersion = 10.0.40219.1
Project("{2150E333-8FDC-42A3-9474-1A3956D46DE8}") = "src", "src", "{4D4F561A-60E0-49E7-A952-1B87E362BDA9}"
EndProject
Project("{FAE04EC0-301F-11D3-BF4B-00C04F79EFBC}") = "MergeDuo.Profile.Api", "src\MergeDuo.Profile.Api\MergeDuo.Profile.Api.csproj", "{46778BF7-13A2-4679-BAEE-D04E045606C8}"
EndProject
Project("{FAE04EC0-301F-11D3-BF4B-00C04F79EFBC}") = "MergeDuo.Profile.Domain", "src\MergeDuo.Profile.Domain\MergeDuo.Profile.Domain.csproj", "{59422FEA-EB74-4DD3-883A-44146EB0849E}"
EndProject
Project("{FAE04EC0-301F-11D3-BF4B-00C04F79EFBC}") = "MergeDuo.Profile.Infra", "src\MergeDuo.Profile.Infra\MergeDuo.Profile.Infra.csproj", "{887FBDA9-0BAB-42E9-B629-68AEAEA1DF68}"
EndProject
Project("{2150E333-8FDC-42A3-9474-1A3956D46DE8}") = "tests", "tests", "{CD2794D1-7034-4D4F-90DA-C8617D559C37}"
EndProject
Project("{FAE04EC0-301F-11D3-BF4B-00C04F79EFBC}") = "MergeDuo.Profile.Tests", "tests\MergeDuo.Profile.Tests\MergeDuo.Profile.Tests.csproj", "{F3E55832-6165-4C81-B659-8BD125658602}"
EndProject
Global
	GlobalSection(SolutionConfigurationPlatforms) = preSolution
		Debug|Any CPU = Debug|Any CPU
		Release|Any CPU = Release|Any CPU
	EndGlobalSection
	GlobalSection(SolutionProperties) = preSolution
		HideSolutionNode = FALSE
	EndGlobalSection
	GlobalSection(ProjectConfigurationPlatforms) = postSolution
		{46778BF7-13A2-4679-BAEE-D04E045606C8}.Debug|Any CPU.ActiveCfg = Debug|Any CPU
		{46778BF7-13A2-4679-BAEE-D04E045606C8}.Debug|Any CPU.Build.0 = Debug|Any CPU
		{46778BF7-13A2-4679-BAEE-D04E045606C8}.Release|Any CPU.ActiveCfg = Release|Any CPU
		{46778BF7-13A2-4679-BAEE-D04E045606C8}.Release|Any CPU.Build.0 = Release|Any CPU
		{59422FEA-EB74-4DD3-883A-44146EB0849E}.Debug|Any CPU.ActiveCfg = Debug|Any CPU
		{59422FEA-EB74-4DD3-883A-44146EB0849E}.Debug|Any CPU.Build.0 = Debug|Any CPU
		{59422FEA-EB74-4DD3-883A-44146EB0849E}.Release|Any CPU.ActiveCfg = Release|Any CPU
		{59422FEA-EB74-4DD3-883A-44146EB0849E}.Release|Any CPU.Build.0 = Release|Any CPU
		{887FBDA9-0BAB-42E9-B629-68AEAEA1DF68}.Debug|Any CPU.ActiveCfg = Debug|Any CPU
		{887FBDA9-0BAB-42E9-B629-68AEAEA1DF68}.Debug|Any CPU.Build.0 = Debug|Any CPU
		{887FBDA9-0BAB-42E9-B629-68AEAEA1DF68}.Release|Any CPU.ActiveCfg = Release|Any CPU
		{887FBDA9-0BAB-42E9-B629-68AEAEA1DF68}.Release|Any CPU.Build.0 = Release|Any CPU
		{F3E55832-6165-4C81-B659-8BD125658602}.Debug|Any CPU.ActiveCfg = Debug|Any CPU
		{F3E55832-6165-4C81-B659-8BD125658602}.Debug|Any CPU.Build.0 = Debug|Any CPU
		{F3E55832-6165-4C81-B659-8BD125658602}.Release|Any CPU.ActiveCfg = Release|Any CPU
		{F3E55832-6165-4C81-B659-8BD125658602}.Release|Any CPU.Build.0 = Release|Any CPU
	EndGlobalSection
	GlobalSection(NestedProjects) = preSolution
		{46778BF7-13A2-4679-BAEE-D04E045606C8} = {4D4F561A-60E0-49E7-A952-1B87E362BDA9}
		{59422FEA-EB74-4DD3-883A-44146EB0849E} = {4D4F561A-60E0-49E7-A952-1B87E362BDA9}
		{887FBDA9-0BAB-42E9-B629-68AEAEA1DF68} = {4D4F561A-60E0-49E7-A952-1B87E362BDA9}
		{F3E55832-6165-4C81-B659-8BD125658602} = {CD2794D1-7034-4D4F-90DA-C8617D559C37}
	EndGlobalSection
EndGlobal
